
Microsoft Visual Studio Solution File, Format Version 12.00
# Visual Studio Version 17
VisualStudioVersion = 17.0.31903.59
MinimumVisualStudioVersion = 10.0.40219.1
Project("{2150E333-8FDC-42A3-9474-1A3956D46DE8}") = "Services", "Services", "{B6A5ACE3-358D-4D8C-ADFA-F8CCCF8A3DEF}"
EndProject
Project("{FAE04EC0-301F-11D3-BF4B-00C04F79EFBC}") = "InsightService", "Services\InsightService\InsightService.csproj", "{18230022-4928-4BD6-A301-710E7E2606FE}"
EndProject
Project("{FAE04EC0-301F-11D3-BF4B-00C04F79EFBC}") = "ExpenseService", "Services\ExpenseService\ExpenseService.csproj", "{D56EE2F7-9B93-44EF-AAFF-FE6A9DF82E75}"
EndProject
Project("{FAE04EC0-301F-11D3-BF4B-00C04F79EFBC}") = "CommonService", "Services\CommonService\CommonService.csproj", "{7CD4383A-DCBF-4752-8C7A-5E62A31CEC53}"
EndProject
Project("{FAE04EC0-301F-11D3-BF4B-00C04F79EFBC}") = "LogService", "Services\LogService\LogService.csproj", "{4425CAFE-0809-497D-85E1-DF99E1A69A67}"
EndProject
Global
	GlobalSection(SolutionConfigurationPlatforms) = preSolution
		Debug|Any CPU = Debug|Any CPU
		Release|Any CPU = Release|Any CPU
	EndGlobalSection
	GlobalSection(ProjectConfigurationPlatforms) = postSolution
		{18230022-4928-4BD6-A301-710E7E2606FE}.Debug|Any CPU.ActiveCfg = Debug|Any CPU
		{18230022-4928-4BD6-A301-710E7E2606FE}.Debug|Any CPU.Build.0 = Debug|Any CPU
		{18230022-4928-4BD6-A301-710E7E2606FE}.Release|Any CPU.ActiveCfg = Release|Any CPU
		{18230022-4928-4BD6-A301-710E7E2606FE}.Release|Any CPU.Build.0 = Release|Any CPU
		{D56EE2F7-9B93-44EF-AAFF-FE6A9DF82E75}.Debug|Any CPU.ActiveCfg = Debug|Any CPU
		{D56EE2F7-9B93-44EF-AAFF-FE6A9DF82E75}.Debug|Any CPU.Build.0 = Debug|Any CPU
		{D56EE2F7-9B93-44EF-AAFF-FE6A9DF82E75}.Release|Any CPU.ActiveCfg = Release|Any CPU
		{D56EE2F7-9B93-44EF-AAFF-FE6A9DF82E75}.Release|Any CPU.Build.0 = Release|Any CPU
		{7CD4383A-DCBF-4752-8C7A-5E62A31CEC53}.Debug|Any CPU.ActiveCfg = Debug|Any CPU
		{7CD4383A-DCBF-4752-8C7A-5E62A31CEC53}.Debug|Any CPU.Build.0 = Debug|Any CPU
		{7CD4383A-DCBF-4752-8C7A-5E62A31CEC53}.Release|Any CPU.ActiveCfg = Release|Any CPU
		{7CD4383A-DCBF-4752-8C7A-5E62A31CEC53}.Release|Any CPU.Build.0 = Release|Any CPU
		{4425CAFE-0809-497D-85E1-DF99E1A69A67}.Debug|Any CPU.ActiveCfg = Debug|Any CPU
		{4425CAFE-0809-497D-85E1-DF99E1A69A67}.Debug|Any CPU.Build.0 = Debug|Any CPU
		{4425CAFE-0809-497D-85E1-DF99E1A69A67}.Release|Any CPU.ActiveCfg = Release|Any CPU
		{4425CAFE-0809-497D-85E1-DF99E1A69A67}.Release|Any CPU.Build.0 = Release|Any CPU
	EndGlobalSection
	GlobalSection(SolutionProperties) = preSolution
		HideSolutionNode = FALSE
	EndGlobalSection
	GlobalSection(NestedProjects) = preSolution
		{18230022-4928-4BD6-A301-710E7E2606FE} = {B6A5ACE3-358D-4D8C-ADFA-F8CCCF8A3DEF}
		{D56EE2F7-9B93-44EF-AAFF-FE6A9DF82E75} = {B6A5ACE3-358D-4D8C-ADFA-F8CCCF8A3DEF}
		{7CD4383A-DCBF-4752-8C7A-5E62A31CEC53} = {B6A5ACE3-358D-4D8C-ADFA-F8CCCF8A3DEF}
		{4425CAFE-0809-497D-85E1-DF99E1A69A67} = {B6A5ACE3-358D-4D8C-ADFA-F8CCCF8A3DEF}
	EndGlobalSection
EndGlobal
